
Microsoft Visual Studio Solution File, Format Version 12.00
# Visual Studio Version 17
VisualStudioVersion = 17.0.31903.59
MinimumVisualStudioVersion = 10.0.40219.1
Project("{FAE04EC0-301F-11D3-BF4B-00C04F79EFBC}") = "ModuKeymapStudio.Core", "src\ModuKeymapStudio.Core\ModuKeymapStudio.Core.csproj", "{9F76E47A-FA9B-4C08-A070-7247F4D1AB1A}"
EndProject
Project("{FAE04EC0-301F-11D3-BF4B-00C04F79EFBC}") = "ModuKeymapStudio", "src\ModuKeymapStudio\ModuKeymapStudio.csproj", "{EC87209C-1AB6-4ECE-A1A8-9D29645992D9}"
EndProject
Project("{FAE04EC0-301F-11D3-BF4B-00C04F79EFBC}") = "ModuKeymapStudio.Tests", "tests\ModuKeymapStudio.Tests\ModuKeymapStudio.Tests.csproj", "{15792F50-9EA3-4478-B6DB-4A039A030D9D}"
EndProject
Global
	GlobalSection(SolutionConfigurationPlatforms) = preSolution
		Debug|Any CPU = Debug|Any CPU
		Release|Any CPU = Release|Any CPU
	EndGlobalSection
	GlobalSection(ProjectConfigurationPlatforms) = postSolution
		{9F76E47A-FA9B-4C08-A070-7247F4D1AB1A}.Debug|Any CPU.ActiveCfg = Debug|Any CPU
		{9F76E47A-FA9B-4C08-A070-7247F4D1AB1A}.Debug|Any CPU.Build.0 = Debug|Any CPU
		{9F76E47A-FA9B-4C08-A070-7247F4D1AB1A}.Release|Any CPU.ActiveCfg = Release|Any CPU
		{9F76E47A-FA9B-4C08-A070-7247F4D1AB1A}.Release|Any CPU.Build.0 = Release|Any CPU
		{EC87209C-1AB6-4ECE-A1A8-9D29645992D9}.Debug|Any CPU.ActiveCfg = Debug|Any CPU
		{EC87209C-1AB6-4ECE-A1A8-9D29645992D9}.Debug|Any CPU.Build.0 = Debug|Any CPU
		{EC87209C-1AB6-4ECE-A1A8-9D29645992D9}.Release|Any CPU.ActiveCfg = Release|Any CPU
		{EC87209C-1AB6-4ECE-A1A8-9D29645992D9}.Release|Any CPU.Build.0 = Release|Any CPU
		{15792F50-9EA3-4478-B6DB-4A039A030D9D}.Debug|Any CPU.ActiveCfg = Debug|Any CPU
		{15792F50-9EA3-4478-B6DB-4A039A030D9D}.Debug|Any CPU.Build.0 = Debug|Any CPU
		{15792F50-9EA3-4478-B6DB-4A039A030D9D}.Release|Any CPU.ActiveCfg = Release|Any CPU
		{15792F50-9EA3-4478-B6DB-4A039A030D9D}.Release|Any CPU.Build.0 = Release|Any CPU
	EndGlobalSection
EndGlobal

